
Microsoft Visual Studio Solution File, Format Version 11.00
# Visual Studio 2010
Project("{8BC9CEB8-8B4A-11D0-8D11-00A0C91BC942}") = "StormTankApp", "StormTankApp\StormTankApp.vcxproj", "{C9F2332C-18DE-4679-8D0A-B5F6ED285D3B}"
	ProjectSection(ProjectDependencies) = postProject
		{B5FDA7C1-8125-4E2F-BA95-8A7E7CCE635E} = {B5FDA7C1-8125-4E2F-BA95-8A7E7CCE635E}
		{43AC74E9-A89D-4E31-8C01-FA2CCE27F5C2} = {43AC74E9-A89D-4E31-8C01-FA2CCE27F5C2}
	EndProjectSection
EndProject
Project("{2150E333-8FDC-42A3-9474-1A3956D46DE8}") = "Libs", "Libs", "{DCDAA424-CCE9-4907-B0F5-1D0F4F579790}"
EndProject
Project("{8BC9CEB8-8B4A-11D0-8D11-00A0C91BC942}") = "Core", "..\WinCore\WinCore.vcxproj", "{43AC74E9-A89D-4E31-8C01-FA2CCE27F5C2}"
EndProject
Project("{8BC9CEB8-8B4A-11D0-8D11-00A0C91BC942}") = "VisualEssence", "..\VisualEssence\VisualEssence.vcxproj", "{B5FDA7C1-8125-4E2F-BA95-8A7E7CCE635E}"
EndProject
Project("{2150E333-8FDC-42A3-9474-1A3956D46DE8}") = "Profiling", "Profiling", "{B7BFF619-5266-4D8B-B6F9-F18536C03467}"
EndProject
Global
	GlobalSection(SolutionConfigurationPlatforms) = preSolution
		Debug - VSC++|Win32 = Debug - VSC++|Win32
		Debug - VSC++|x64 = Debug - VSC++|x64
		Release - VSC++|Win32 = Release - VSC++|Win32
		Release - VSC++|x64 = Release - VSC++|x64
	EndGlobalSection
	GlobalSection(ProjectConfigurationPlatforms) = postSolution
		{C9F2332C-18DE-4679-8D0A-B5F6ED285D3B}.Debug - VSC++|Win32.ActiveCfg = Debug|Win32
		{C9F2332C-18DE-4679-8D0A-B5F6ED285D3B}.Debug - VSC++|Win32.Build.0 = Debug|Win32
		{C9F2332C-18DE-4679-8D0A-B5F6ED285D3B}.Debug - VSC++|x64.ActiveCfg = Debug|x64
		{C9F2332C-18DE-4679-8D0A-B5F6ED285D3B}.Debug - VSC++|x64.Build.0 = Debug|x64
		{C9F2332C-18DE-4679-8D0A-B5F6ED285D3B}.Release - VSC++|Win32.ActiveCfg = Release|Win32
		{C9F2332C-18DE-4679-8D0A-B5F6ED285D3B}.Release - VSC++|Win32.Build.0 = Release|Win32
		{C9F2332C-18DE-4679-8D0A-B5F6ED285D3B}.Release - VSC++|x64.ActiveCfg = Release|x64
		{C9F2332C-18DE-4679-8D0A-B5F6ED285D3B}.Release - VSC++|x64.Build.0 = Release|x64
		{43AC74E9-A89D-4E31-8C01-FA2CCE27F5C2}.Debug - VSC++|Win32.ActiveCfg = Debug|Win32
		{43AC74E9-A89D-4E31-8C01-FA2CCE27F5C2}.Debug - VSC++|Win32.Build.0 = Debug|Win32
		{43AC74E9-A89D-4E31-8C01-FA2CCE27F5C2}.Debug - VSC++|x64.ActiveCfg = Debug|x64
		{43AC74E9-A89D-4E31-8C01-FA2CCE27F5C2}.Debug - VSC++|x64.Build.0 = Debug|x64
		{43AC74E9-A89D-4E31-8C01-FA2CCE27F5C2}.Release - VSC++|Win32.ActiveCfg = Release|Win32
		{43AC74E9-A89D-4E31-8C01-FA2CCE27F5C2}.Release - VSC++|Win32.Build.0 = Release|Win32
		{43AC74E9-A89D-4E31-8C01-FA2CCE27F5C2}.Release - VSC++|x64.ActiveCfg = Release|x64
		{43AC74E9-A89D-4E31-8C01-FA2CCE27F5C2}.Release - VSC++|x64.Build.0 = Release|x64
		{B5FDA7C1-8125-4E2F-BA95-8A7E7CCE635E}.Debug - VSC++|Win32.ActiveCfg = Debug|Win32
		{B5FDA7C1-8125-4E2F-BA95-8A7E7CCE635E}.Debug - VSC++|Win32.Build.0 = Debug|Win32
		{B5FDA7C1-8125-4E2F-BA95-8A7E7CCE635E}.Debug - VSC++|x64.ActiveCfg = Debug|x64
		{B5FDA7C1-8125-4E2F-BA95-8A7E7CCE635E}.Debug - VSC++|x64.Build.0 = Debug|x64
		{B5FDA7C1-8125-4E2F-BA95-8A7E7CCE635E}.Release - VSC++|Win32.ActiveCfg = Release|Win32
		{B5FDA7C1-8125-4E2F-BA95-8A7E7CCE635E}.Release - VSC++|Win32.Build.0 = Release|Win32
		{B5FDA7C1-8125-4E2F-BA95-8A7E7CCE635E}.Release - VSC++|x64.ActiveCfg = Release|x64
		{B5FDA7C1-8125-4E2F-BA95-8A7E7CCE635E}.Release - VSC++|x64.Build.0 = Release|x64
	EndGlobalSection
	GlobalSection(SolutionProperties) = preSolution
		HideSolutionNode = FALSE
	EndGlobalSection
	GlobalSection(NestedProjects) = preSolution
		{43AC74E9-A89D-4E31-8C01-FA2CCE27F5C2} = {DCDAA424-CCE9-4907-B0F5-1D0F4F579790}
		{B5FDA7C1-8125-4E2F-BA95-8A7E7CCE635E} = {DCDAA424-CCE9-4907-B0F5-1D0F4F579790}
	EndGlobalSection
EndGlobal
