<?xml version="1.0" encoding="utf-8"?>
<Project ToolsVersion="4.0" xmlns="http://schemas.microsoft.com/developer/msbuild/2003">
  <ItemGroup>
    <Filter Include="Source Files">
      <UniqueIdentifier>{4FC737F1-C7A5-4376-A066-2A32D752A2FF}</UniqueIdentifier>
      <Extensions>cpp;c;cc;cxx;def;odl;idl;hpj;bat;asm;asmx</Extensions>
    </Filter>
    <Filter Include="Header Files">
      <UniqueIdentifier>{93995380-89BD-4b04-88EB-625FBE52EBFB}</UniqueIdentifier>
      <Extensions>h;hpp;hxx;hm;inl;inc;xsd</Extensions>
    </Filter>
    <Filter Include="Resource Files">
      <UniqueIdentifier>{67DA6AB6-F800-4c08-8B7A-83BB121AAD01}</UniqueIdentifier>
      <Extensions>rc;ico;cur;bmp;dlg;rc2;rct;bin;rgs;gif;jpg;jpeg;jpe;resx;tiff;tif;png;wav;mfcribbon-ms</Extensions>
    </Filter>
  </ItemGroup>
  <ItemGroup>
    <ClCompile Include="Code\winmain.cpp">
      <Filter>Source Files</Filter>
    </ClCompile>
    <ClCompile Include="Code\main_window.cpp">
      <Filter>Source Files</Filter>
    </ClCompile>
    <ClCompile Include="Code\audio\synth\synth.cpp">
      <Filter>Source Files</Filter>
    </ClCompile>
    <ClCompile Include="Code\scenes\intro_scene.cpp">
      <Filter>Source Files</Filter>
    </ClCompile>
    <ClCompile Include="Code\scenes\loading_scene.cpp">
      <Filter>Source Files</Filter>
    </ClCompile>
    <ClCompile Include="Code\audio\output\directsound.cpp">
      <Filter>Source Files</Filter>
    </ClCompile>
    <ClCompile Include="Code\audio\synth\player.cpp">
      <Filter>Source Files</Filter>
    </ClCompile>
    <ClCompile Include="Code\audio\synth\oscillators\sine_oscillator.cpp">
      <Filter>Source Files</Filter>
    </ClCompile>
    <ClCompile Include="Code\audio\synth\oscillators\triangle_oscillator.cpp">
      <Filter>Source Files</Filter>
    </ClCompile>
    <ClCompile Include="Code\audio\synth\oscillators\square_oscillator.cpp">
      <Filter>Source Files</Filter>
    </ClCompile>
    <ClCompile Include="Code\audio\synth\oscillators\sawtooth_oscillator.cpp">
      <Filter>Source Files</Filter>
    </ClCompile>
    <ClCompile Include="Code\audio\synth\oscillators\exp_oscillator.cpp">
      <Filter>Source Files</Filter>
    </ClCompile>
    <ClCompile Include="Code\audio\midi\midi2.cpp">
      <Filter>Source Files</Filter>
    </ClCompile>
    <ClCompile Include="Code\audio\synth\PADsynth.cpp">
      <Filter>Source Files</Filter>
    </ClCompile>
  </ItemGroup>
  <ItemGroup>
    <ClInclude Include="Code\stormtankapp.h">
      <Filter>Header Files</Filter>
    </ClInclude>
    <ClInclude Include="Code\main_window.h">
      <Filter>Header Files</Filter>
    </ClInclude>
    <ClInclude Include="Code\ptg\pgt.h">
      <Filter>Header Files</Filter>
    </ClInclude>
    <ClInclude Include="Code\ptg\generators.h">
      <Filter>Header Files</Filter>
    </ClInclude>
    <ClInclude Include="Code\ptg\layers.h">
      <Filter>Header Files</Filter>
    </ClInclude>
    <ClInclude Include="Code\ptg\generators\simplex_noise.h">
      <Filter>Header Files</Filter>
    </ClInclude>
    <ClInclude Include="Code\audio\synth\synth.h">
      <Filter>Header Files</Filter>
    </ClInclude>
    <ClInclude Include="Code\song\song1.h">
      <Filter>Header Files</Filter>
    </ClInclude>
    <ClInclude Include="Code\scenes\scenes.h">
      <Filter>Header Files</Filter>
    </ClInclude>
    <ClInclude Include="Code\song\song2.h">
      <Filter>Header Files</Filter>
    </ClInclude>
    <ClInclude Include="Code\audio\output\directsound.h">
      <Filter>Header Files</Filter>
    </ClInclude>
    <ClInclude Include="Code\audio\output\audio_output_interface.h">
      <Filter>Header Files</Filter>
    </ClInclude>
    <ClInclude Include="Code\audio\output\output.h">
      <Filter>Header Files</Filter>
    </ClInclude>
    <ClInclude Include="Code\audio\synth\player.h">
      <Filter>Header Files</Filter>
    </ClInclude>
    <ClInclude Include="Code\audio\synth\effects\delay.h">
      <Filter>Header Files</Filter>
    </ClInclude>
    <ClInclude Include="Code\audio\synth\component.h">
      <Filter>Header Files</Filter>
    </ClInclude>
    <ClInclude Include="Code\audio\synth\util.h">
      <Filter>Header Files</Filter>
    </ClInclude>
    <ClInclude Include="Code\audio\synth\oscillators\sine_oscillator.h">
      <Filter>Header Files</Filter>
    </ClInclude>
    <ClInclude Include="Code\audio\synth\channel.h">
      <Filter>Header Files</Filter>
    </ClInclude>
    <ClInclude Include="Code\audio\synth\instruments\instrument.h">
      <Filter>Header Files</Filter>
    </ClInclude>
    <ClInclude Include="Code\audio\synth\oscillators\oscillator.h">
      <Filter>Header Files</Filter>
    </ClInclude>
    <ClInclude Include="Code\audio\synth\oscillators\triangle_oscillator.h">
      <Filter>Header Files</Filter>
    </ClInclude>
    <ClInclude Include="Code\audio\synth\oscillators\square_oscillator.h">
      <Filter>Header Files</Filter>
    </ClInclude>
    <ClInclude Include="Code\audio\synth\oscillators\sawtooth_oscillator.h">
      <Filter>Header Files</Filter>
    </ClInclude>
    <ClInclude Include="Code\audio\synth\oscillators\exp_oscillator.h">
      <Filter>Header Files</Filter>
    </ClInclude>
    <ClInclude Include="Code\audio\synth\instruments\osc_wave.h">
      <Filter>Header Files</Filter>
    </ClInclude>
    <ClInclude Include="Code\audio\synth\filters\lowpass.h">
      <Filter>Header Files</Filter>
    </ClInclude>
    <ClInclude Include="Code\audio\midi\midi2.h">
      <Filter>Header Files</Filter>
    </ClInclude>
    <ClInclude Include="Code\audio\synth\PADsynth.h">
      <Filter>Header Files</Filter>
    </ClInclude>
  </ItemGroup>
</Project>